// !$*UTF8*$!
{
	archiveVersion = 1;
	classes = {
	};
	objectVersion = 52;
	objects = {

/* Begin PBXBuildFile section */
		E65EB39A29FA2794000324ED /* RecordDetailViewController.swift in Sources */ = {isa = PBXBuildFile; fileRef = E65EB39929FA2794000324ED /* RecordDetailViewController.swift */; };
		E661A21D2A13977E00476739 /* FSCalendar in Frameworks */ = {isa = PBXBuildFile; productRef = E661A21C2A13977E00476739 /* FSCalendar */; };
		E661A2202A14481C00476739 /* FirebaseFirestore in Frameworks */ = {isa = PBXBuildFile; productRef = E661A21F2A14481C00476739 /* FirebaseFirestore */; };
		E687A74929F8DE7100B0B455 /* AppDelegate.swift in Sources */ = {isa = PBXBuildFile; fileRef = E687A74829F8DE7100B0B455 /* AppDelegate.swift */; };
		E687A74B29F8DE7100B0B455 /* SceneDelegate.swift in Sources */ = {isa = PBXBuildFile; fileRef = E687A74A29F8DE7100B0B455 /* SceneDelegate.swift */; };
		E687A74D29F8DE7100B0B455 /* RecordGroupViewController.swift in Sources */ = {isa = PBXBuildFile; fileRef = E687A74C29F8DE7100B0B455 /* RecordGroupViewController.swift */; };
		E687A77929F8E53B00B0B455 /* ExtendedDate.swift in Sources */ = {isa = PBXBuildFile; fileRef = E687A77829F8E53B00B0B455 /* ExtendedDate.swift */; };
		E687A77B29F8E5F800B0B455 /* Record.swift in Sources */ = {isa = PBXBuildFile; fileRef = E687A77A29F8E5F800B0B455 /* Record.swift */; };
		E687A77D29F8E99C00B0B455 /* Database.swift in Sources */ = {isa = PBXBuildFile; fileRef = E687A77C29F8E99C00B0B455 /* Database.swift */; };
		E687A78129F8EA9600B0B455 /* RecordGroup.swift in Sources */ = {isa = PBXBuildFile; fileRef = E687A78029F8EA9600B0B455 /* RecordGroup.swift */; };
		F20E050F2A3AFAED0008706A /* Assets.xcassets in Resources */ = {isa = PBXBuildFile; fileRef = E687A75129F8DE7200B0B455 /* Assets.xcassets */; };
		F21DA8452A3ADC2E004E4C98 /* Main.storyboard in Resources */ = {isa = PBXBuildFile; fileRef = E687A74E29F8DE7100B0B455 /* Main.storyboard */; };
		F2203FDC2A3CA60600A699CC /* CardioViewController.swift in Sources */ = {isa = PBXBuildFile; fileRef = F2203FDB2A3CA60600A699CC /* CardioViewController.swift */; };
		F2496EBC2A3C2ED8009BEA8F /* calendar.jpg in Resources */ = {isa = PBXBuildFile; fileRef = F2496EBB2A3C2ED8009BEA8F /* calendar.jpg */; };
		F25285522A3ADCC4007A34CC /* GoogleService-Info.plist in Resources */ = {isa = PBXBuildFile; fileRef = F2DAAFBA2A1B2C9E009429F2 /* GoogleService-Info.plist */; };
		F25285542A3ADCD2007A34CC /* LaunchScreen.storyboard in Resources */ = {isa = PBXBuildFile; fileRef = E687A75329F8DE7200B0B455 /* LaunchScreen.storyboard */; };
		F29A08BC2A3EB630006C613A /* title.png in Resources */ = {isa = PBXBuildFile; fileRef = F29A08BB2A3EB630006C613A /* title.png */; };
		F2A39DFD2A4039DE00364E6E /* DGCharts in Frameworks */ = {isa = PBXBuildFile; productRef = F2A39DFC2A4039DE00364E6E /* DGCharts */; };
		F2AA11B02A40209300C79144 /* HistogramViewController.swift in Sources */ = {isa = PBXBuildFile; fileRef = F2AA11AF2A40209300C79144 /* HistogramViewController.swift */; };
		F2DAAFBD2A1B3423009429F2 /* Dbfirebase.swift in Sources */ = {isa = PBXBuildFile; fileRef = F2DAAFBC2A1B3423009429F2 /* Dbfirebase.swift */; };
		F2E334B22A3AFD2C00D15C8E /* stamp.png in Resources */ = {isa = PBXBuildFile; fileRef = F2E334B12A3AFD2C00D15C8E /* stamp.png */; };
/* End PBXBuildFile section */

/* Begin PBXFileReference section */
		E65EB39929FA2794000324ED /* RecordDetailViewController.swift */ = {isa = PBXFileReference; lastKnownFileType = sourcecode.swift; path = RecordDetailViewController.swift; sourceTree = "<group>"; };
		E687A74529F8DE7100B0B455 /* khg-final.app */ = {isa = PBXFileReference; explicitFileType = wrapper.application; includeInIndex = 0; path = "khg-final.app"; sourceTree = BUILT_PRODUCTS_DIR; };
		E687A74829F8DE7100B0B455 /* AppDelegate.swift */ = {isa = PBXFileReference; lastKnownFileType = sourcecode.swift; path = AppDelegate.swift; sourceTree = "<group>"; };
		E687A74A29F8DE7100B0B455 /* SceneDelegate.swift */ = {isa = PBXFileReference; lastKnownFileType = sourcecode.swift; path = SceneDelegate.swift; sourceTree = "<group>"; };
		E687A74C29F8DE7100B0B455 /* RecordGroupViewController.swift */ = {isa = PBXFileReference; lastKnownFileType = sourcecode.swift; path = RecordGroupViewController.swift; sourceTree = "<group>"; };
		E687A74F29F8DE7100B0B455 /* Base */ = {isa = PBXFileReference; lastKnownFileType = file.storyboard; name = Base; path = Base.lproj/Main.storyboard; sourceTree = "<group>"; };
		E687A75129F8DE7200B0B455 /* Assets.xcassets */ = {isa = PBXFileReference; lastKnownFileType = folder.assetcatalog; path = Assets.xcassets; sourceTree = "<group>"; };
		E687A75429F8DE7200B0B455 /* Base */ = {isa = PBXFileReference; lastKnownFileType = file.storyboard; name = Base; path = Base.lproj/LaunchScreen.storyboard; sourceTree = "<group>"; };
		E687A75629F8DE7200B0B455 /* Info.plist */ = {isa = PBXFileReference; lastKnownFileType = text.plist.xml; path = Info.plist; sourceTree = "<group>"; };
		E687A77829F8E53B00B0B455 /* ExtendedDate.swift */ = {isa = PBXFileReference; lastKnownFileType = sourcecode.swift; path = ExtendedDate.swift; sourceTree = "<group>"; };
		E687A77A29F8E5F800B0B455 /* Record.swift */ = {isa = PBXFileReference; lastKnownFileType = sourcecode.swift; path = Record.swift; sourceTree = "<group>"; };
		E687A77C29F8E99C00B0B455 /* Database.swift */ = {isa = PBXFileReference; lastKnownFileType = sourcecode.swift; path = Database.swift; sourceTree = "<group>"; };
		E687A78029F8EA9600B0B455 /* RecordGroup.swift */ = {isa = PBXFileReference; lastKnownFileType = sourcecode.swift; path = RecordGroup.swift; sourceTree = "<group>"; };
		F2203FDB2A3CA60600A699CC /* CardioViewController.swift */ = {isa = PBXFileReference; lastKnownFileType = sourcecode.swift; path = CardioViewController.swift; sourceTree = "<group>"; };
		F2496EBB2A3C2ED8009BEA8F /* calendar.jpg */ = {isa = PBXFileReference; lastKnownFileType = image.jpeg; path = calendar.jpg; sourceTree = "<group>"; };
		F29A08BB2A3EB630006C613A /* title.png */ = {isa = PBXFileReference; lastKnownFileType = image.png; path = title.png; sourceTree = "<group>"; };
		F2AA11AF2A40209300C79144 /* HistogramViewController.swift */ = {isa = PBXFileReference; lastKnownFileType = sourcecode.swift; path = HistogramViewController.swift; sourceTree = "<group>"; };
		F2DAAFBA2A1B2C9E009429F2 /* GoogleService-Info.plist */ = {isa = PBXFileReference; fileEncoding = 4; lastKnownFileType = text.plist.xml; path = "GoogleService-Info.plist"; sourceTree = "<group>"; };
		F2DAAFBC2A1B3423009429F2 /* Dbfirebase.swift */ = {isa = PBXFileReference; lastKnownFileType = sourcecode.swift; path = Dbfirebase.swift; sourceTree = "<group>"; };
		F2E334B12A3AFD2C00D15C8E /* stamp.png */ = {isa = PBXFileReference; lastKnownFileType = image.png; path = stamp.png; sourceTree = "<group>"; };
/* End PBXFileReference section */

/* Begin PBXFrameworksBuildPhase section */
		E687A74229F8DE7100B0B455 /* Frameworks */ = {
			isa = PBXFrameworksBuildPhase;
			buildActionMask = 2147483647;
			files = (
				E661A21D2A13977E00476739 /* FSCalendar in Frameworks */,
				F2A39DFD2A4039DE00364E6E /* DGCharts in Frameworks */,
				E661A2202A14481C00476739 /* FirebaseFirestore in Frameworks */,
			);
			runOnlyForDeploymentPostprocessing = 0;
		};
/* End PBXFrameworksBuildPhase section */

/* Begin PBXGroup section */
		E687A73C29F8DE7100B0B455 = {
			isa = PBXGroup;
			children = (
				E687A74729F8DE7100B0B455 /* khg-final */,
				E687A74629F8DE7100B0B455 /* Products */,
				F256D90B2A403444008A5380 /* Frameworks */,
			);
			sourceTree = "<group>";
		};
		E687A74629F8DE7100B0B455 /* Products */ = {
			isa = PBXGroup;
			children = (
				E687A74529F8DE7100B0B455 /* khg-final.app */,
			);
			name = Products;
			sourceTree = "<group>";
		};
		E687A74729F8DE7100B0B455 /* khg-final */ = {
			isa = PBXGroup;
			children = (
				F29A08BB2A3EB630006C613A /* title.png */,
				F2496EBB2A3C2ED8009BEA8F /* calendar.jpg */,
				F2E334B12A3AFD2C00D15C8E /* stamp.png */,
				F2DAAFBA2A1B2C9E009429F2 /* GoogleService-Info.plist */,
				E687A74829F8DE7100B0B455 /* AppDelegate.swift */,
				E687A74A29F8DE7100B0B455 /* SceneDelegate.swift */,
				E687A74E29F8DE7100B0B455 /* Main.storyboard */,
				E687A75129F8DE7200B0B455 /* Assets.xcassets */,
				E687A75329F8DE7200B0B455 /* LaunchScreen.storyboard */,
				E687A75629F8DE7200B0B455 /* Info.plist */,
				E687A77A29F8E5F800B0B455 /* Record.swift */,
				E687A78029F8EA9600B0B455 /* RecordGroup.swift */,
				E687A74C29F8DE7100B0B455 /* RecordGroupViewController.swift */,
				E65EB39929FA2794000324ED /* RecordDetailViewController.swift */,
				F2203FDB2A3CA60600A699CC /* CardioViewController.swift */,
				F2AA11AF2A40209300C79144 /* HistogramViewController.swift */,
				E687A77829F8E53B00B0B455 /* ExtendedDate.swift */,
				E687A77C29F8E99C00B0B455 /* Database.swift */,
				F2DAAFBC2A1B3423009429F2 /* Dbfirebase.swift */,
			);
			path = "khg-final";
			sourceTree = "<group>";
		};
		F256D90B2A403444008A5380 /* Frameworks */ = {
			isa = PBXGroup;
			children = (
			);
			name = Frameworks;
			sourceTree = "<group>";
		};
/* End PBXGroup section */

/* Begin PBXNativeTarget section */
		E687A74429F8DE7100B0B455 /* khg-final */ = {
			isa = PBXNativeTarget;
			buildConfigurationList = E687A76F29F8DE7200B0B455 /* Build configuration list for PBXNativeTarget "khg-final" */;
			buildPhases = (
				E687A74129F8DE7100B0B455 /* Sources */,
				E687A74229F8DE7100B0B455 /* Frameworks */,
				F21DA8442A3ADC28004E4C98 /* Resources */,
			);
			buildRules = (
			);
			dependencies = (
			);
			name = "khg-final";
			packageProductDependencies = (
				E661A21C2A13977E00476739 /* FSCalendar */,
				E661A21F2A14481C00476739 /* FirebaseFirestore */,
				F2A39DFC2A4039DE00364E6E /* DGCharts */,
			);
			productName = "ch09-leejaemoon-tableView";
			productReference = E687A74529F8DE7100B0B455 /* khg-final.app */;
			productType = "com.apple.product-type.application";
		};
/* End PBXNativeTarget section */

/* Begin PBXProject section */
		E687A73D29F8DE7100B0B455 /* Project object */ = {
			isa = PBXProject;
			attributes = {
				LastSwiftUpdateCheck = 1250;
				LastUpgradeCheck = 1250;
				TargetAttributes = {
					E687A74429F8DE7100B0B455 = {
						CreatedOnToolsVersion = 12.5;
					};
				};
			};
			buildConfigurationList = E687A74029F8DE7100B0B455 /* Build configuration list for PBXProject "khg-final" */;
			compatibilityVersion = "Xcode 9.3";
			developmentRegion = en;
			hasScannedForEncodings = 0;
			knownRegions = (
				en,
				Base,
			);
			mainGroup = E687A73C29F8DE7100B0B455;
			packageReferences = (
				E661A21B2A13977E00476739 /* XCRemoteSwiftPackageReference "FSCalendar" */,
				E661A21E2A14481C00476739 /* XCRemoteSwiftPackageReference "firebase-ios-sdk" */,
				F2A39DFB2A4039DD00364E6E /* XCRemoteSwiftPackageReference "Charts" */,
			);
			productRefGroup = E687A74629F8DE7100B0B455 /* Products */;
			projectDirPath = "";
			projectRoot = "";
			targets = (
				E687A74429F8DE7100B0B455 /* khg-final */,
			);
		};
/* End PBXProject section */

/* Begin PBXResourcesBuildPhase section */
		F21DA8442A3ADC28004E4C98 /* Resources */ = {
			isa = PBXResourcesBuildPhase;
			buildActionMask = 2147483647;
			files = (
				F2E334B22A3AFD2C00D15C8E /* stamp.png in Resources */,
				F20E050F2A3AFAED0008706A /* Assets.xcassets in Resources */,
				F29A08BC2A3EB630006C613A /* title.png in Resources */,
				F25285542A3ADCD2007A34CC /* LaunchScreen.storyboard in Resources */,
				F2496EBC2A3C2ED8009BEA8F /* calendar.jpg in Resources */,
				F25285522A3ADCC4007A34CC /* GoogleService-Info.plist in Resources */,
				F21DA8452A3ADC2E004E4C98 /* Main.storyboard in Resources */,
			);
			runOnlyForDeploymentPostprocessing = 0;
		};
/* End PBXResourcesBuildPhase section */

/* Begin PBXSourcesBuildPhase section */
		E687A74129F8DE7100B0B455 /* Sources */ = {
			isa = PBXSourcesBuildPhase;
			buildActionMask = 2147483647;
			files = (
				F2203FDC2A3CA60600A699CC /* CardioViewController.swift in Sources */,
				F2AA11B02A40209300C79144 /* HistogramViewController.swift in Sources */,
				E687A77D29F8E99C00B0B455 /* Database.swift in Sources */,
				E687A77929F8E53B00B0B455 /* ExtendedDate.swift in Sources */,
				E687A78129F8EA9600B0B455 /* RecordGroup.swift in Sources */,
				E687A74D29F8DE7100B0B455 /* RecordGroupViewController.swift in Sources */,
				E687A74929F8DE7100B0B455 /* AppDelegate.swift in Sources */,
				E687A74B29F8DE7100B0B455 /* SceneDelegate.swift in Sources */,
				F2DAAFBD2A1B3423009429F2 /* Dbfirebase.swift in Sources */,
				E687A77B29F8E5F800B0B455 /* Record.swift in Sources */,
				E65EB39A29FA2794000324ED /* RecordDetailViewController.swift in Sources */,
			);
			runOnlyForDeploymentPostprocessing = 0;
		};
/* End PBXSourcesBuildPhase section */

/* Begin PBXVariantGroup section */
		E687A74E29F8DE7100B0B455 /* Main.storyboard */ = {
			isa = PBXVariantGroup;
			children = (
				E687A74F29F8DE7100B0B455 /* Base */,
			);
			name = Main.storyboard;
			sourceTree = "<group>";
		};
		E687A75329F8DE7200B0B455 /* LaunchScreen.storyboard */ = {
			isa = PBXVariantGroup;
			children = (
				E687A75429F8DE7200B0B455 /* Base */,
			);
			name = LaunchScreen.storyboard;
			sourceTree = "<group>";
		};
/* End PBXVariantGroup section */

/* Begin XCBuildConfiguration section */
		E687A76D29F8DE7200B0B455 /* Debug */ = {
			isa = XCBuildConfiguration;
			buildSettings = {
				ALWAYS_SEARCH_USER_PATHS = NO;
				CLANG_ANALYZER_NONNULL = YES;
				CLANG_ANALYZER_NUMBER_OBJECT_CONVERSION = YES_AGGRESSIVE;
				CLANG_CXX_LANGUAGE_STANDARD = "gnu++14";
				CLANG_CXX_LIBRARY = "libc++";
				CLANG_ENABLE_MODULES = YES;
				CLANG_ENABLE_OBJC_ARC = YES;
				CLANG_ENABLE_OBJC_WEAK = YES;
				CLANG_WARN_BLOCK_CAPTURE_AUTORELEASING = YES;
				CLANG_WARN_BOOL_CONVERSION = YES;
				CLANG_WARN_COMMA = YES;
				CLANG_WARN_CONSTANT_CONVERSION = YES;
				CLANG_WARN_DEPRECATED_OBJC_IMPLEMENTATIONS = YES;
				CLANG_WARN_DIRECT_OBJC_ISA_USAGE = YES_ERROR;
				CLANG_WARN_DOCUMENTATION_COMMENTS = YES;
				CLANG_WARN_EMPTY_BODY = YES;
				CLANG_WARN_ENUM_CONVERSION = YES;
				CLANG_WARN_INFINITE_RECURSION = YES;
				CLANG_WARN_INT_CONVERSION = YES;
				CLANG_WARN_NON_LITERAL_NULL_CONVERSION = YES;
				CLANG_WARN_OBJC_IMPLICIT_RETAIN_SELF = YES;
				CLANG_WARN_OBJC_LITERAL_CONVERSION = YES;
				CLANG_WARN_OBJC_ROOT_CLASS = YES_ERROR;
				CLANG_WARN_QUOTED_INCLUDE_IN_FRAMEWORK_HEADER = YES;
				CLANG_WARN_RANGE_LOOP_ANALYSIS = YES;
				CLANG_WARN_STRICT_PROTOTYPES = YES;
				CLANG_WARN_SUSPICIOUS_MOVE = YES;
				CLANG_WARN_UNGUARDED_AVAILABILITY = YES_AGGRESSIVE;
				CLANG_WARN_UNREACHABLE_CODE = YES;
				CLANG_WARN__DUPLICATE_METHOD_MATCH = YES;
				COPY_PHASE_STRIP = NO;
				DEBUG_INFORMATION_FORMAT = dwarf;
				ENABLE_STRICT_OBJC_MSGSEND = YES;
				ENABLE_TESTABILITY = YES;
				GCC_C_LANGUAGE_STANDARD = gnu11;
				GCC_DYNAMIC_NO_PIC = NO;
				GCC_NO_COMMON_BLOCKS = YES;
				GCC_OPTIMIZATION_LEVEL = 0;
				GCC_PREPROCESSOR_DEFINITIONS = (
					"DEBUG=1",
					"$(inherited)",
				);
				GCC_WARN_64_TO_32_BIT_CONVERSION = YES;
				GCC_WARN_ABOUT_RETURN_TYPE = YES_ERROR;
				GCC_WARN_UNDECLARED_SELECTOR = YES;
				GCC_WARN_UNINITIALIZED_AUTOS = YES_AGGRESSIVE;
				GCC_WARN_UNUSED_FUNCTION = YES;
				GCC_WARN_UNUSED_VARIABLE = YES;
				IPHONEOS_DEPLOYMENT_TARGET = 14.5;
				MTL_ENABLE_DEBUG_INFO = INCLUDE_SOURCE;
				MTL_FAST_MATH = YES;
				ONLY_ACTIVE_ARCH = YES;
				SDKROOT = iphoneos;
				SWIFT_ACTIVE_COMPILATION_CONDITIONS = DEBUG;
				SWIFT_OPTIMIZATION_LEVEL = "-Onone";
			};
			name = Debug;
		};
		E687A76E29F8DE7200B0B455 /* Release */ = {
			isa = XCBuildConfiguration;
			buildSettings = {
				ALWAYS_SEARCH_USER_PATHS = NO;
				CLANG_ANALYZER_NONNULL = YES;
				CLANG_ANALYZER_NUMBER_OBJECT_CONVERSION = YES_AGGRESSIVE;
				CLANG_CXX_LANGUAGE_STANDARD = "gnu++14";
				CLANG_CXX_LIBRARY = "libc++";
				CLANG_ENABLE_MODULES = YES;
				CLANG_ENABLE_OBJC_ARC = YES;
				CLANG_ENABLE_OBJC_WEAK = YES;
				CLANG_WARN_BLOCK_CAPTURE_AUTORELEASING = YES;
				CLANG_WARN_BOOL_CONVERSION = YES;
				CLANG_WARN_COMMA = YES;
				CLANG_WARN_CONSTANT_CONVERSION = YES;
				CLANG_WARN_DEPRECATED_OBJC_IMPLEMENTATIONS = YES;
				CLANG_WARN_DIRECT_OBJC_ISA_USAGE = YES_ERROR;
				CLANG_WARN_DOCUMENTATION_COMMENTS = YES;
				CLANG_WARN_EMPTY_BODY = YES;
				CLANG_WARN_ENUM_CONVERSION = YES;
				CLANG_WARN_INFINITE_RECURSION = YES;
				CLANG_WARN_INT_CONVERSION = YES;
				CLANG_WARN_NON_LITERAL_NULL_CONVERSION = YES;
				CLANG_WARN_OBJC_IMPLICIT_RETAIN_SELF = YES;
				CLANG_WARN_OBJC_LITERAL_CONVERSION = YES;
				CLANG_WARN_OBJC_ROOT_CLASS = YES_ERROR;
				CLANG_WARN_QUOTED_INCLUDE_IN_FRAMEWORK_HEADER = YES;
				CLANG_WARN_RANGE_LOOP_ANALYSIS = YES;
				CLANG_WARN_STRICT_PROTOTYPES = YES;
				CLANG_WARN_SUSPICIOUS_MOVE = YES;
				CLANG_WARN_UNGUARDED_AVAILABILITY = YES_AGGRESSIVE;
				CLANG_WARN_UNREACHABLE_CODE = YES;
				CLANG_WARN__DUPLICATE_METHOD_MATCH = YES;
				COPY_PHASE_STRIP = NO;
				DEBUG_INFORMATION_FORMAT = "dwarf-with-dsym";
				ENABLE_NS_ASSERTIONS = NO;
				ENABLE_STRICT_OBJC_MSGSEND = YES;
				GCC_C_LANGUAGE_STANDARD = gnu11;
				GCC_NO_COMMON_BLOCKS = YES;
				GCC_WARN_64_TO_32_BIT_CONVERSION = YES;
				GCC_WARN_ABOUT_RETURN_TYPE = YES_ERROR;
				GCC_WARN_UNDECLARED_SELECTOR = YES;
				GCC_WARN_UNINITIALIZED_AUTOS = YES_AGGRESSIVE;
				GCC_WARN_UNUSED_FUNCTION = YES;
				GCC_WARN_UNUSED_VARIABLE = YES;
				IPHONEOS_DEPLOYMENT_TARGET = 14.5;
				MTL_ENABLE_DEBUG_INFO = NO;
				MTL_FAST_MATH = YES;
				SDKROOT = iphoneos;
				SWIFT_COMPILATION_MODE = wholemodule;
				SWIFT_OPTIMIZATION_LEVEL = "-O";
				VALIDATE_PRODUCT = YES;
			};
			name = Release;
		};
		E687A77029F8DE7200B0B455 /* Debug */ = {
			isa = XCBuildConfiguration;
			buildSettings = {
				ASSETCATALOG_COMPILER_APPICON_NAME = AppIcon;
				ASSETCATALOG_COMPILER_GLOBAL_ACCENT_COLOR_NAME = AccentColor;
				ASSETCATALOG_COMPILER_INCLUDE_ALL_APPICON_ASSETS = NO;
				CODE_SIGN_STYLE = Automatic;
				FRAMEWORK_SEARCH_PATHS = "";
				INFOPLIST_FILE = "$(SRCROOT)/khg-final/Info.plist";
				LD_RUNPATH_SEARCH_PATHS = (
					"$(inherited)",
					"@executable_path/Frameworks",
				);
				PRODUCT_BUNDLE_IDENTIFIER = "khg-final";
				PRODUCT_NAME = "$(TARGET_NAME)";
				SWIFT_VERSION = 5.0;
				TARGETED_DEVICE_FAMILY = "1,2";
			};
			name = Debug;
		};
		E687A77129F8DE7200B0B455 /* Release */ = {
			isa = XCBuildConfiguration;
			buildSettings = {
				ASSETCATALOG_COMPILER_APPICON_NAME = AppIcon;
				ASSETCATALOG_COMPILER_GLOBAL_ACCENT_COLOR_NAME = AccentColor;
				ASSETCATALOG_COMPILER_INCLUDE_ALL_APPICON_ASSETS = NO;
				CODE_SIGN_STYLE = Automatic;
				FRAMEWORK_SEARCH_PATHS = "";
				INFOPLIST_FILE = "$(SRCROOT)/khg-final/Info.plist";
				LD_RUNPATH_SEARCH_PATHS = (
					"$(inherited)",
					"@executable_path/Frameworks",
				);
				PRODUCT_BUNDLE_IDENTIFIER = "khg-final";
				PRODUCT_NAME = "$(TARGET_NAME)";
				SWIFT_VERSION = 5.0;
				TARGETED_DEVICE_FAMILY = "1,2";
			};
			name = Release;
		};
/* End XCBuildConfiguration section */

/* Begin XCConfigurationList section */
		E687A74029F8DE7100B0B455 /* Build configuration list for PBXProject "khg-final" */ = {
			isa = XCConfigurationList;
			buildConfigurations = (
				E687A76D29F8DE7200B0B455 /* Debug */,
				E687A76E29F8DE7200B0B455 /* Release */,
			);
			defaultConfigurationIsVisible = 0;
			defaultConfigurationName = Release;
		};
		E687A76F29F8DE7200B0B455 /* Build configuration list for PBXNativeTarget "khg-final" */ = {
			isa = XCConfigurationList;
			buildConfigurations = (
				E687A77029F8DE7200B0B455 /* Debug */,
				E687A77129F8DE7200B0B455 /* Release */,
			);
			defaultConfigurationIsVisible = 0;
			defaultConfigurationName = Release;
		};
/* End XCConfigurationList section */

/* Begin XCRemoteSwiftPackageReference section */
		E661A21B2A13977E00476739 /* XCRemoteSwiftPackageReference "FSCalendar" */ = {
			isa = XCRemoteSwiftPackageReference;
			repositoryURL = "https://github.com/WenchaoD/FSCalendar.git";
			requirement = {
				kind = upToNextMajorVersion;
				minimumVersion = 2.8.4;
			};
		};
		E661A21E2A14481C00476739 /* XCRemoteSwiftPackageReference "firebase-ios-sdk" */ = {
			isa = XCRemoteSwiftPackageReference;
			repositoryURL = "https://github.com/firebase/firebase-ios-sdk";
			requirement = {
				kind = versionRange;
				maximumVersion = 11.0.0;
				minimumVersion = 5.6.0;
			};
		};
		F2A39DFB2A4039DD00364E6E /* XCRemoteSwiftPackageReference "Charts" */ = {
			isa = XCRemoteSwiftPackageReference;
			repositoryURL = "https://github.com/danielgindi/Charts.git";
			requirement = {
				kind = upToNextMajorVersion;
				minimumVersion = 5.0.0;
			};
		};
/* End XCRemoteSwiftPackageReference section */

/* Begin XCSwiftPackageProductDependency section */
		E661A21C2A13977E00476739 /* FSCalendar */ = {
			isa = XCSwiftPackageProductDependency;
			package = E661A21B2A13977E00476739 /* XCRemoteSwiftPackageReference "FSCalendar" */;
			productName = FSCalendar;
		};
		E661A21F2A14481C00476739 /* FirebaseFirestore */ = {
			isa = XCSwiftPackageProductDependency;
			package = E661A21E2A14481C00476739 /* XCRemoteSwiftPackageReference "firebase-ios-sdk" */;
			productName = FirebaseFirestore;
		};
		F2A39DFC2A4039DE00364E6E /* DGCharts */ = {
			isa = XCSwiftPackageProductDependency;
			package = F2A39DFB2A4039DD00364E6E /* XCRemoteSwiftPackageReference "Charts" */;
			productName = DGCharts;
		};
/* End XCSwiftPackageProductDependency section */
	};
	rootObject = E687A73D29F8DE7100B0B455 /* Project object */;
}
